{
  "name": "14-modern-js-developments",
  "version": "1.0.0",
  "lockfileVersion": 3,
  "requires": true,
  "packages": {
    "": {
      "name": "14-modern-js-developments",
      "version": "1.0.0",
      "license": "ISC",
      "dependencies": {
        "leaflet": "^1.9.4",
        "lodash-es": "^4.17.21"
      }
    }
  }
}
